// !$*UTF8*$!
{
	archiveVersion = 1;
	classes = {
	};
	objectVersion = 46;
	objects = {

/* Begin PBXBuildFile section */
		0702EC4E1CB9FAFD00B9CD44 /* AppDelegate.swift in Sources */ = {isa = PBXBuildFile; fileRef = 0702EC4D1CB9FAFD00B9CD44 /* AppDelegate.swift */; };
		0702EC501CB9FAFD00B9CD44 /* ViewController.swift in Sources */ = {isa = PBXBuildFile; fileRef = 0702EC4F1CB9FAFD00B9CD44 /* ViewController.swift */; };
		0702EC531CB9FAFD00B9CD44 /* Main.storyboard in Resources */ = {isa = PBXBuildFile; fileRef = 0702EC511CB9FAFD00B9CD44 /* Main.storyboard */; };
		0702EC551CB9FAFD00B9CD44 /* Assets.xcassets in Resources */ = {isa = PBXBuildFile; fileRef = 0702EC541CB9FAFD00B9CD44 /* Assets.xcassets */; };
		0702EC581CB9FAFD00B9CD44 /* LaunchScreen.storyboard in Resources */ = {isa = PBXBuildFile; fileRef = 0702EC561CB9FAFD00B9CD44 /* LaunchScreen.storyboard */; };
/* End PBXBuildFile section */

/* Begin PBXFileReference section */
		0702EC4A1CB9FAFC00B9CD44 /* defalutSaving.app */ = {isa = PBXFileReference; explicitFileType = wrapper.application; includeInIndex = 0; path = defalutSaving.app; sourceTree = BUILT_PRODUCTS_DIR; };
		0702EC4D1CB9FAFD00B9CD44 /* AppDelegate.swift */ = {isa = PBXFileReference; lastKnownFileType = sourcecode.swift; path = AppDelegate.swift; sourceTree = "<group>"; };
		0702EC4F1CB9FAFD00B9CD44 /* ViewController.swift */ = {isa = PBXFileReference; lastKnownFileType = sourcecode.swift; path = ViewController.swift; sourceTree = "<group>"; };
		0702EC521CB9FAFD00B9CD44 /* Base */ = {isa = PBXFileReference; lastKnownFileType = file.storyboard; name = Base; path = Base.lproj/Main.storyboard; sourceTree = "<group>"; };
		0702EC541CB9FAFD00B9CD44 /* Assets.xcassets */ = {isa = PBXFileReference; lastKnownFileType = folder.assetcatalog; path = Assets.xcassets; sourceTree = "<group>"; };
		0702EC571CB9FAFD00B9CD44 /* Base */ = {isa = PBXFileReference; lastKnownFileType = file.storyboard; name = Base; path = Base.lproj/LaunchScreen.storyboard; sourceTree = "<group>"; };
		0702EC591CB9FAFD00B9CD44 /* Info.plist */ = {isa = PBXFileReference; lastKnownFileType = text.plist.xml; path = Info.plist; sourceTree = "<group>"; };
/* End PBXFileReference section */

/* Begin PBXFrameworksBuildPhase section */
		0702EC471CB9FAFC00B9CD44 /* Frameworks */ = {
			isa = PBXFrameworksBuildPhase;
			buildActionMask = 2147483647;
			files = (
			);
			runOnlyForDeploymentPostprocessing = 0;
		};
/* End PBXFrameworksBuildPhase section */

/* Begin PBXGroup section */
		0702EC411CB9FAFB00B9CD44 = {
			isa = PBXGroup;
			children = (
				0702EC4C1CB9FAFC00B9CD44 /* defalutSaving */,
				0702EC4B1CB9FAFC00B9CD44 /* Products */,
			);
			sourceTree = "<group>";
		};
		0702EC4B1CB9FAFC00B9CD44 /* Products */ = {
			isa = PBXGroup;
			children = (
				0702EC4A1CB9FAFC00B9CD44 /* defalutSaving.app */,
			);
			name = Products;
			sourceTree = "<group>";
		};
		0702EC4C1CB9FAFC00B9CD44 /* defalutSaving */ = {
			isa = PBXGroup;
			children = (
				0702EC4D1CB9FAFD00B9CD44 /* AppDelegate.swift */,
				0702EC4F1CB9FAFD00B9CD44 /* ViewController.swift */,
				0702EC511CB9FAFD00B9CD44 /* Main.storyboard */,
				0702EC541CB9FAFD00B9CD44 /* Assets.xcassets */,
				0702EC561CB9FAFD00B9CD44 /* LaunchScreen.storyboard */,
				0702EC591CB9FAFD00B9CD44 /* Info.plist */,
			);
			path = defalutSaving;
			sourceTree = "<group>";
		};
/* End PBXGroup section */

/* Begin PBXNativeTarget section */
		0702EC491CB9FAFC00B9CD44 /* defalutSaving */ = {
			isa = PBXNativeTarget;
			buildConfigurationList = 0702EC5C1CB9FAFD00B9CD44 /* Build configuration list for PBXNativeTarget "defalutSaving" */;
			buildPhases = (
				0702EC461CB9FAFC00B9CD44 /* Sources */,
				0702EC471CB9FAFC00B9CD44 /* Frameworks */,
				0702EC481CB9FAFC00B9CD44 /* Resources */,
			);
			buildRules = (
			);
			dependencies = (
			);
			name = defalutSaving;
			productName = defalutSaving;
			productReference = 0702EC4A1CB9FAFC00B9CD44 /* defalutSaving.app */;
			productType = "com.apple.product-type.application";
		};
/* End PBXNativeTarget section */

/* Begin PBXProject section */
		0702EC421CB9FAFB00B9CD44 /* Project object */ = {
			isa = PBXProject;
			attributes = {
				LastSwiftUpdateCheck = 0730;
				LastUpgradeCheck = 0730;
				ORGANIZATIONNAME = Sgtmt;
				TargetAttributes = {
					0702EC491CB9FAFC00B9CD44 = {
						CreatedOnToolsVersion = 7.3;
					};
				};
			};
			buildConfigurationList = 0702EC451CB9FAFC00B9CD44 /* Build configuration list for PBXProject "defalutSaving" */;
			compatibilityVersion = "Xcode 3.2";
			developmentRegion = English;
			hasScannedForEncodings = 0;
			knownRegions = (
				en,
				Base,
			);
			mainGroup = 0702EC411CB9FAFB00B9CD44;
			productRefGroup = 0702EC4B1CB9FAFC00B9CD44 /* Products */;
			projectDirPath = "";
			projectRoot = "";
			targets = (
				0702EC491CB9FAFC00B9CD44 /* defalutSaving */,
			);
		};
/* End PBXProject section */

/* Begin PBXResourcesBuildPhase section */
		0702EC481CB9FAFC00B9CD44 /* Resources */ = {
			isa = PBXResourcesBuildPhase;
			buildActionMask = 2147483647;
			files = (
				0702EC581CB9FAFD00B9CD44 /* LaunchScreen.storyboard in Resources */,
				0702EC551CB9FAFD00B9CD44 /* Assets.xcassets in Resources */,
				0702EC531CB9FAFD00B9CD44 /* Main.storyboard in Resources */,
			);
			runOnlyForDeploymentPostprocessing = 0;
		};
/* End PBXResourcesBuildPhase section */

/* Begin PBXSourcesBuildPhase section */
		0702EC461CB9FAFC00B9CD44 /* Sources */ = {
			isa = PBXSourcesBuildPhase;
			buildActionMask = 2147483647;
			files = (
				0702EC501CB9FAFD00B9CD44 /* ViewController.swift in Sources */,
				0702EC4E1CB9FAFD00B9CD44 /* AppDelegate.swift in Sources */,
			);
			runOnlyForDeploymentPostprocessing = 0;
		};
/* End PBXSourcesBuildPhase section */

/* Begin PBXVariantGroup section */
		0702EC511CB9FAFD00B9CD44 /* Main.storyboard */ = {
			isa = PBXVariantGroup;
			children = (
				0702EC521CB9FAFD00B9CD44 /* Base */,
			);
			name = Main.storyboard;
			sourceTree = "<group>";
		};
		0702EC561CB9FAFD00B9CD44 /* LaunchScreen.storyboard */ = {
			isa = PBXVariantGroup;
			children = (
				0702EC571CB9FAFD00B9CD44 /* Base */,
			);
			name = LaunchScreen.storyboard;
			sourceTree = "<group>";
		};
/* End PBXVariantGroup section */

/* Begin XCBuildConfiguration section */
		0702EC5A1CB9FAFD00B9CD44 /* Debug */ = {
			isa = XCBuildConfiguration;
			buildSettings = {
				ALWAYS_SEARCH_USER_PATHS = NO;
				CLANG_ANALYZER_NONNULL = YES;
				CLANG_CXX_LANGUAGE_STANDARD = "gnu++0x";
				CLANG_CXX_LIBRARY = "libc++";
				CLANG_ENABLE_MODULES = YES;
				CLANG_ENABLE_OBJC_ARC = YES;
				CLANG_WARN_BOOL_CONVERSION = YES;
				CLANG_WARN_CONSTANT_CONVERSION = YES;
				CLANG_WARN_DIRECT_OBJC_ISA_USAGE = YES_ERROR;
				CLANG_WARN_EMPTY_BODY = YES;
				CLANG_WARN_ENUM_CONVERSION = YES;
				CLANG_WARN_INT_CONVERSION = YES;
				CLANG_WARN_OBJC_ROOT_CLASS = YES_ERROR;
				CLANG_WARN_UNREACHABLE_CODE = YES;
				CLANG_WARN__DUPLICATE_METHOD_MATCH = YES;
				"CODE_SIGN_IDENTITY[sdk=iphoneos*]" = "iPhone Developer";
				COPY_PHASE_STRIP = NO;
				DEBUG_INFORMATION_FORMAT = dwarf;
				ENABLE_STRICT_OBJC_MSGSEND = YES;
				ENABLE_TESTABILITY = YES;
				GCC_C_LANGUAGE_STANDARD = gnu99;
				GCC_DYNAMIC_NO_PIC = NO;
				GCC_NO_COMMON_BLOCKS = YES;
				GCC_OPTIMIZATION_LEVEL = 0;
				GCC_PREPROCESSOR_DEFINITIONS = (
					"DEBUG=1",
					"$(inherited)",
				);
				GCC_WARN_64_TO_32_BIT_CONVERSION = YES;
				GCC_WARN_ABOUT_RETURN_TYPE = YES_ERROR;
				GCC_WARN_UNDECLARED_SELECTOR = YES;
				GCC_WARN_UNINITIALIZED_AUTOS = YES_AGGRESSIVE;
				GCC_WARN_UNUSED_FUNCTION = YES;
				GCC_WARN_UNUSED_VARIABLE = YES;
				IPHONEOS_DEPLOYMENT_TARGET = 9.3;
				MTL_ENABLE_DEBUG_INFO = YES;
				ONLY_ACTIVE_ARCH = YES;
				SDKROOT = iphoneos;
				SWIFT_OPTIMIZATION_LEVEL = "-Onone";
			};
			name = Debug;
		};
		0702EC5B1CB9FAFD00B9CD44 /* Release */ = {
			isa = XCBuildConfiguration;
			buildSettings = {
				ALWAYS_SEARCH_USER_PATHS = NO;
				CLANG_ANALYZER_NONNULL = YES;
				CLANG_CXX_LANGUAGE_STANDARD = "gnu++0x";
				CLANG_CXX_LIBRARY = "libc++";
				CLANG_ENABLE_MODULES = YES;
				CLANG_ENABLE_OBJC_ARC = YES;
				CLANG_WARN_BOOL_CONVERSION = YES;
				CLANG_WARN_CONSTANT_CONVERSION = YES;
				CLANG_WARN_DIRECT_OBJC_ISA_USAGE = YES_ERROR;
				CLANG_WARN_EMPTY_BODY = YES;
				CLANG_WARN_ENUM_CONVERSION = YES;
				CLANG_WARN_INT_CONVERSION = YES;
				CLANG_WARN_OBJC_ROOT_CLASS = YES_ERROR;
				CLANG_WARN_UNREACHABLE_CODE = YES;
				CLANG_WARN__DUPLICATE_METHOD_MATCH = YES;
				"CODE_SIGN_IDENTITY[sdk=iphoneos*]" = "iPhone Developer";
				COPY_PHASE_STRIP = NO;
				DEBUG_INFORMATION_FORMAT = "dwarf-with-dsym";
				ENABLE_NS_ASSERTIONS = NO;
				ENABLE_STRICT_OBJC_MSGSEND = YES;
				GCC_C_LANGUAGE_STANDARD = gnu99;
				GCC_NO_COMMON_BLOCKS = YES;
				GCC_WARN_64_TO_32_BIT_CONVERSION = YES;
				GCC_WARN_ABOUT_RETURN_TYPE = YES_ERROR;
				GCC_WARN_UNDECLARED_SELECTOR = YES;
				GCC_WARN_UNINITIALIZED_AUTOS = YES_AGGRESSIVE;
				GCC_WARN_UNUSED_FUNCTION = YES;
				GCC_WARN_UNUSED_VARIABLE = YES;
				IPHONEOS_DEPLOYMENT_TARGET = 9.3;
				MTL_ENABLE_DEBUG_INFO = NO;
				SDKROOT = iphoneos;
				VALIDATE_PRODUCT = YES;
			};
			name = Release;
		};
		0702EC5D1CB9FAFD00B9CD44 /* Debug */ = {
			isa = XCBuildConfiguration;
			buildSettings = {
				ASSETCATALOG_COMPILER_APPICON_NAME = AppIcon;
				INFOPLIST_FILE = defalutSaving/Info.plist;
				LD_RUNPATH_SEARCH_PATHS = "$(inherited) @executable_path/Frameworks";
				PRODUCT_BUNDLE_IDENTIFIER = com.sgtmt.jp.defalutSaving;
				PRODUCT_NAME = "$(TARGET_NAME)";
			};
			name = Debug;
		};
		0702EC5E1CB9FAFD00B9CD44 /* Release */ = {
			isa = XCBuildConfiguration;
			buildSettings = {
				ASSETCATALOG_COMPILER_APPICON_NAME = AppIcon;
				INFOPLIST_FILE = defalutSaving/Info.plist;
				LD_RUNPATH_SEARCH_PATHS = "$(inherited) @executable_path/Frameworks";
				PRODUCT_BUNDLE_IDENTIFIER = com.sgtmt.jp.defalutSaving;
				PRODUCT_NAME = "$(TARGET_NAME)";
			};
			name = Release;
		};
/* End XCBuildConfiguration section */

/* Begin XCConfigurationList section */
		0702EC451CB9FAFC00B9CD44 /* Build configuration list for PBXProject "defalutSaving" */ = {
			isa = XCConfigurationList;
			buildConfigurations = (
				0702EC5A1CB9FAFD00B9CD44 /* Debug */,
				0702EC5B1CB9FAFD00B9CD44 /* Release */,
			);
			defaultConfigurationIsVisible = 0;
			defaultConfigurationName = Release;
		};
		0702EC5C1CB9FAFD00B9CD44 /* Build configuration list for PBXNativeTarget "defalutSaving" */ = {
			isa = XCConfigurationList;
			buildConfigurations = (
				0702EC5D1CB9FAFD00B9CD44 /* Debug */,
				0702EC5E1CB9FAFD00B9CD44 /* Release */,
			);
			defaultConfigurationIsVisible = 0;
		};
/* End XCConfigurationList section */
	};
	rootObject = 0702EC421CB9FAFB00B9CD44 /* Project object */;
}
